
Microsoft Visual Studio Solution File, Format Version 12.00
# Visual Studio Version 17
VisualStudioVersion = 17.4.33110.190
MinimumVisualStudioVersion = 10.0.40219.1
Project("{9A19103F-16F7-4668-BE54-9A1E7A4F7556}") = "Estoque", "Estoque\Estoque.csproj", "{F6092646-92D4-4E2D-9901-CC6A84D21635}"
EndProject
Project("{9A19103F-16F7-4668-BE54-9A1E7A4F7556}") = "EstoqueAPI", "EstoqueAPI\EstoqueAPI.csproj", "{659A1DDB-D642-4E11-89D6-45D525FBBA4B}"
EndProject
Project("{FAE04EC0-301F-11D3-BF4B-00C04F79EFBC}") = "FrontEnd", "FrontEnd\FrontEnd.csproj", "{283ED8DE-86DC-4DB8-9218-CDA72F60A2B1}"
EndProject
Global
	GlobalSection(SolutionConfigurationPlatforms) = preSolution
		Debug|Any CPU = Debug|Any CPU
		Release|Any CPU = Release|Any CPU
	EndGlobalSection
	GlobalSection(ProjectConfigurationPlatforms) = postSolution
		{F6092646-92D4-4E2D-9901-CC6A84D21635}.Debug|Any CPU.ActiveCfg = Debug|Any CPU
		{F6092646-92D4-4E2D-9901-CC6A84D21635}.Debug|Any CPU.Build.0 = Debug|Any CPU
		{F6092646-92D4-4E2D-9901-CC6A84D21635}.Release|Any CPU.ActiveCfg = Release|Any CPU
		{F6092646-92D4-4E2D-9901-CC6A84D21635}.Release|Any CPU.Build.0 = Release|Any CPU
		{659A1DDB-D642-4E11-89D6-45D525FBBA4B}.Debug|Any CPU.ActiveCfg = Debug|Any CPU
		{659A1DDB-D642-4E11-89D6-45D525FBBA4B}.Debug|Any CPU.Build.0 = Debug|Any CPU
		{659A1DDB-D642-4E11-89D6-45D525FBBA4B}.Release|Any CPU.ActiveCfg = Release|Any CPU
		{659A1DDB-D642-4E11-89D6-45D525FBBA4B}.Release|Any CPU.Build.0 = Release|Any CPU
		{283ED8DE-86DC-4DB8-9218-CDA72F60A2B1}.Debug|Any CPU.ActiveCfg = Debug|Any CPU
		{283ED8DE-86DC-4DB8-9218-CDA72F60A2B1}.Debug|Any CPU.Build.0 = Debug|Any CPU
		{283ED8DE-86DC-4DB8-9218-CDA72F60A2B1}.Release|Any CPU.ActiveCfg = Release|Any CPU
		{283ED8DE-86DC-4DB8-9218-CDA72F60A2B1}.Release|Any CPU.Build.0 = Release|Any CPU
	EndGlobalSection
	GlobalSection(SolutionProperties) = preSolution
		HideSolutionNode = FALSE
	EndGlobalSection
	GlobalSection(ExtensibilityGlobals) = postSolution
		SolutionGuid = {BDD59D89-FBCB-4AD8-972E-454C22474ECA}
	EndGlobalSection
EndGlobal
